
Microsoft Visual Studio Solution File, Format Version 12.00
# Visual Studio Version 17
VisualStudioVersion = 17.14.36930.0 d17.14
MinimumVisualStudioVersion = 10.0.40219.1
Project("{FAE04EC0-301F-11D3-BF4B-00C04F79EFBC}") = "ECOMMERCE NEXOSOFT", "ECOMMERCE NEXOSOFT.csproj", "{F93AC340-75E7-4FFC-BE87-15EDEE058E39}"
EndProject
Global
	GlobalSection(SolutionConfigurationPlatforms) = preSolution
		Debug|Any CPU = Debug|Any CPU
		Release|Any CPU = Release|Any CPU
	EndGlobalSection
	GlobalSection(ProjectConfigurationPlatforms) = postSolution
		{F93AC340-75E7-4FFC-BE87-15EDEE058E39}.Debug|Any CPU.ActiveCfg = Debug|Any CPU
		{F93AC340-75E7-4FFC-BE87-15EDEE058E39}.Debug|Any CPU.Build.0 = Debug|Any CPU
		{F93AC340-75E7-4FFC-BE87-15EDEE058E39}.Release|Any CPU.ActiveCfg = Release|Any CPU
		{F93AC340-75E7-4FFC-BE87-15EDEE058E39}.Release|Any CPU.Build.0 = Release|Any CPU
	EndGlobalSection
	GlobalSection(SolutionProperties) = preSolution
		HideSolutionNode = FALSE
	EndGlobalSection
	GlobalSection(ExtensibilityGlobals) = postSolution
		SolutionGuid = {EB085DDA-33FB-4B03-989A-1BA9C26A5933}
	EndGlobalSection
EndGlobal
